
Microsoft Visual Studio Solution File, Format Version 12.00
# Visual Studio 15
VisualStudioVersion = 15.0.28307.106
MinimumVisualStudioVersion = 10.0.40219.1
Project("{FAE04EC0-301F-11D3-BF4B-00C04F79EFBC}") = "ITYardService", "ITYardService\ITYardService.csproj", "{022F33E4-F341-4960-868E-E57E5A106106}"
EndProject
Global
	GlobalSection(SolutionConfigurationPlatforms) = preSolution
		Debug|Any CPU = Debug|Any CPU
		Release|Any CPU = Release|Any CPU
	EndGlobalSection
	GlobalSection(ProjectConfigurationPlatforms) = postSolution
		{022F33E4-F341-4960-868E-E57E5A106106}.Debug|Any CPU.ActiveCfg = Debug|Any CPU
		{022F33E4-F341-4960-868E-E57E5A106106}.Debug|Any CPU.Build.0 = Debug|Any CPU
		{022F33E4-F341-4960-868E-E57E5A106106}.Release|Any CPU.ActiveCfg = Release|Any CPU
		{022F33E4-F341-4960-868E-E57E5A106106}.Release|Any CPU.Build.0 = Release|Any CPU
	EndGlobalSection
	GlobalSection(SolutionProperties) = preSolution
		HideSolutionNode = FALSE
	EndGlobalSection
	GlobalSection(ExtensibilityGlobals) = postSolution
		SolutionGuid = {243B66A0-4F52-4CDB-A9CC-410F633C8E79}
	EndGlobalSection
EndGlobal
